// !$*UTF8*$!
{
	archiveVersion = 1;
	classes = {
	};
	objectVersion = 48;
	objects = {

/* Begin PBXBuildFile section */
		4D5C69F31FD6FE540045EB68 /* StockDetail.swift in Sources */ = {isa = PBXBuildFile; fileRef = 4D5C69F21FD6FE540045EB68 /* StockDetail.swift */; };
		4D5C69F51FD6FF750045EB68 /* DetailViewController.swift in Sources */ = {isa = PBXBuildFile; fileRef = 4D5C69F41FD6FF750045EB68 /* DetailViewController.swift */; };
		4D5C69F71FD705E30045EB68 /* Constants.swift in Sources */ = {isa = PBXBuildFile; fileRef = 4D5C69F61FD705E30045EB68 /* Constants.swift */; };
		4DAD26781FD6F2AF00E436F1 /* AddStockViewController.swift in Sources */ = {isa = PBXBuildFile; fileRef = 4DAD26771FD6F2AF00E436F1 /* AddStockViewController.swift */; };
		4DAD267A1FD6FB2A00E436F1 /* Stocks.swift in Sources */ = {isa = PBXBuildFile; fileRef = 4DAD26791FD6FB2A00E436F1 /* Stocks.swift */; };
		4DF5D7151FD6EAF800BFE7A6 /* AppDelegate.swift in Sources */ = {isa = PBXBuildFile; fileRef = 4DF5D7141FD6EAF800BFE7A6 /* AppDelegate.swift */; };
		4DF5D71A1FD6EAF800BFE7A6 /* Main.storyboard in Resources */ = {isa = PBXBuildFile; fileRef = 4DF5D7181FD6EAF800BFE7A6 /* Main.storyboard */; };
		4DF5D71C1FD6EAF900BFE7A6 /* Assets.xcassets in Resources */ = {isa = PBXBuildFile; fileRef = 4DF5D71B1FD6EAF900BFE7A6 /* Assets.xcassets */; };
		4DF5D71F1FD6EAF900BFE7A6 /* LaunchScreen.storyboard in Resources */ = {isa = PBXBuildFile; fileRef = 4DF5D71D1FD6EAF900BFE7A6 /* LaunchScreen.storyboard */; };
		4DF5D72A1FD6EAF900BFE7A6 /* WhatIfTests.swift in Sources */ = {isa = PBXBuildFile; fileRef = 4DF5D7291FD6EAF900BFE7A6 /* WhatIfTests.swift */; };
		4DF5D7351FD6EAF900BFE7A6 /* WhatIfUITests.swift in Sources */ = {isa = PBXBuildFile; fileRef = 4DF5D7341FD6EAF900BFE7A6 /* WhatIfUITests.swift */; };
		4DF5D7431FD6EC1800BFE7A6 /* StockListViewController.swift in Sources */ = {isa = PBXBuildFile; fileRef = 4DF5D7421FD6EC1800BFE7A6 /* StockListViewController.swift */; };
		CD19F3FB0FF63C9A04C5F3A8 /* Pods_WhatIf.framework in Frameworks */ = {isa = PBXBuildFile; fileRef = DA94D6FB2AC3D61DEBFC8C88 /* Pods_WhatIf.framework */; };
/* End PBXBuildFile section */

/* Begin PBXContainerItemProxy section */
		4DF5D7261FD6EAF900BFE7A6 /* PBXContainerItemProxy */ = {
			isa = PBXContainerItemProxy;
			containerPortal = 4DF5D7091FD6EAF800BFE7A6 /* Project object */;
			proxyType = 1;
			remoteGlobalIDString = 4DF5D7101FD6EAF800BFE7A6;
			remoteInfo = WhatIf;
		};
		4DF5D7311FD6EAF900BFE7A6 /* PBXContainerItemProxy */ = {
			isa = PBXContainerItemProxy;
			containerPortal = 4DF5D7091FD6EAF800BFE7A6 /* Project object */;
			proxyType = 1;
			remoteGlobalIDString = 4DF5D7101FD6EAF800BFE7A6;
			remoteInfo = WhatIf;
		};
/* End PBXContainerItemProxy section */

/* Begin PBXFileReference section */
		4D5C69F21FD6FE540045EB68 /* StockDetail.swift */ = {isa = PBXFileReference; lastKnownFileType = sourcecode.swift; path = StockDetail.swift; sourceTree = "<group>"; };
		4D5C69F41FD6FF750045EB68 /* DetailViewController.swift */ = {isa = PBXFileReference; lastKnownFileType = sourcecode.swift; path = DetailViewController.swift; sourceTree = "<group>"; };
		4D5C69F61FD705E30045EB68 /* Constants.swift */ = {isa = PBXFileReference; lastKnownFileType = sourcecode.swift; path = Constants.swift; sourceTree = "<group>"; };
		4DAD26771FD6F2AF00E436F1 /* AddStockViewController.swift */ = {isa = PBXFileReference; lastKnownFileType = sourcecode.swift; path = AddStockViewController.swift; sourceTree = "<group>"; };
		4DAD26791FD6FB2A00E436F1 /* Stocks.swift */ = {isa = PBXFileReference; lastKnownFileType = sourcecode.swift; path = Stocks.swift; sourceTree = "<group>"; };
		4DF5D7111FD6EAF800BFE7A6 /* WhatIf.app */ = {isa = PBXFileReference; explicitFileType = wrapper.application; includeInIndex = 0; path = WhatIf.app; sourceTree = BUILT_PRODUCTS_DIR; };
		4DF5D7141FD6EAF800BFE7A6 /* AppDelegate.swift */ = {isa = PBXFileReference; lastKnownFileType = sourcecode.swift; path = AppDelegate.swift; sourceTree = "<group>"; };
		4DF5D7191FD6EAF800BFE7A6 /* Base */ = {isa = PBXFileReference; lastKnownFileType = file.storyboard; name = Base; path = Base.lproj/Main.storyboard; sourceTree = "<group>"; };
		4DF5D71B1FD6EAF900BFE7A6 /* Assets.xcassets */ = {isa = PBXFileReference; lastKnownFileType = folder.assetcatalog; path = Assets.xcassets; sourceTree = "<group>"; };
		4DF5D71E1FD6EAF900BFE7A6 /* Base */ = {isa = PBXFileReference; lastKnownFileType = file.storyboard; name = Base; path = Base.lproj/LaunchScreen.storyboard; sourceTree = "<group>"; };
		4DF5D7201FD6EAF900BFE7A6 /* Info.plist */ = {isa = PBXFileReference; lastKnownFileType = text.plist.xml; path = Info.plist; sourceTree = "<group>"; };
		4DF5D7251FD6EAF900BFE7A6 /* WhatIfTests.xctest */ = {isa = PBXFileReference; explicitFileType = wrapper.cfbundle; includeInIndex = 0; path = WhatIfTests.xctest; sourceTree = BUILT_PRODUCTS_DIR; };
		4DF5D7291FD6EAF900BFE7A6 /* WhatIfTests.swift */ = {isa = PBXFileReference; lastKnownFileType = sourcecode.swift; path = WhatIfTests.swift; sourceTree = "<group>"; };
		4DF5D72B1FD6EAF900BFE7A6 /* Info.plist */ = {isa = PBXFileReference; lastKnownFileType = text.plist.xml; path = Info.plist; sourceTree = "<group>"; };
		4DF5D7301FD6EAF900BFE7A6 /* WhatIfUITests.xctest */ = {isa = PBXFileReference; explicitFileType = wrapper.cfbundle; includeInIndex = 0; path = WhatIfUITests.xctest; sourceTree = BUILT_PRODUCTS_DIR; };
		4DF5D7341FD6EAF900BFE7A6 /* WhatIfUITests.swift */ = {isa = PBXFileReference; lastKnownFileType = sourcecode.swift; path = WhatIfUITests.swift; sourceTree = "<group>"; };
		4DF5D7361FD6EAF900BFE7A6 /* Info.plist */ = {isa = PBXFileReference; lastKnownFileType = text.plist.xml; path = Info.plist; sourceTree = "<group>"; };
		4DF5D7421FD6EC1800BFE7A6 /* StockListViewController.swift */ = {isa = PBXFileReference; lastKnownFileType = sourcecode.swift; path = StockListViewController.swift; sourceTree = "<group>"; };
		A920FFDD6390A9B0A7D6C530 /* Pods-WhatIf.release.xcconfig */ = {isa = PBXFileReference; includeInIndex = 1; lastKnownFileType = text.xcconfig; name = "Pods-WhatIf.release.xcconfig"; path = "Pods/Target Support Files/Pods-WhatIf/Pods-WhatIf.release.xcconfig"; sourceTree = "<group>"; };
		AEEAA1B55FDA1B0B60C2D89F /* Pods-WhatIf.debug.xcconfig */ = {isa = PBXFileReference; includeInIndex = 1; lastKnownFileType = text.xcconfig; name = "Pods-WhatIf.debug.xcconfig"; path = "Pods/Target Support Files/Pods-WhatIf/Pods-WhatIf.debug.xcconfig"; sourceTree = "<group>"; };
		DA94D6FB2AC3D61DEBFC8C88 /* Pods_WhatIf.framework */ = {isa = PBXFileReference; explicitFileType = wrapper.framework; includeInIndex = 0; path = Pods_WhatIf.framework; sourceTree = BUILT_PRODUCTS_DIR; };
/* End PBXFileReference section */

/* Begin PBXFrameworksBuildPhase section */
		4DF5D70E1FD6EAF800BFE7A6 /* Frameworks */ = {
			isa = PBXFrameworksBuildPhase;
			buildActionMask = 2147483647;
			files = (
				CD19F3FB0FF63C9A04C5F3A8 /* Pods_WhatIf.framework in Frameworks */,
			);
			runOnlyForDeploymentPostprocessing = 0;
		};
		4DF5D7221FD6EAF900BFE7A6 /* Frameworks */ = {
			isa = PBXFrameworksBuildPhase;
			buildActionMask = 2147483647;
			files = (
			);
			runOnlyForDeploymentPostprocessing = 0;
		};
		4DF5D72D1FD6EAF900BFE7A6 /* Frameworks */ = {
			isa = PBXFrameworksBuildPhase;
			buildActionMask = 2147483647;
			files = (
			);
			runOnlyForDeploymentPostprocessing = 0;
		};
/* End PBXFrameworksBuildPhase section */

/* Begin PBXGroup section */
		4DF5D7081FD6EAF800BFE7A6 = {
			isa = PBXGroup;
			children = (
				4DF5D7131FD6EAF800BFE7A6 /* WhatIf */,
				4DF5D7281FD6EAF900BFE7A6 /* WhatIfTests */,
				4DF5D7331FD6EAF900BFE7A6 /* WhatIfUITests */,
				4DF5D7121FD6EAF800BFE7A6 /* Products */,
				D26E8378FE0D3B2E0886F115 /* Pods */,
				8C23D0DEF2183BA5FC745592 /* Frameworks */,
			);
			sourceTree = "<group>";
		};
		4DF5D7121FD6EAF800BFE7A6 /* Products */ = {
			isa = PBXGroup;
			children = (
				4DF5D7111FD6EAF800BFE7A6 /* WhatIf.app */,
				4DF5D7251FD6EAF900BFE7A6 /* WhatIfTests.xctest */,
				4DF5D7301FD6EAF900BFE7A6 /* WhatIfUITests.xctest */,
			);
			name = Products;
			sourceTree = "<group>";
		};
		4DF5D7131FD6EAF800BFE7A6 /* WhatIf */ = {
			isa = PBXGroup;
			children = (
				4DF5D7141FD6EAF800BFE7A6 /* AppDelegate.swift */,
				4D5C69F61FD705E30045EB68 /* Constants.swift */,
				4DAD26791FD6FB2A00E436F1 /* Stocks.swift */,
				4D5C69F21FD6FE540045EB68 /* StockDetail.swift */,
				4DF5D7421FD6EC1800BFE7A6 /* StockListViewController.swift */,
				4DAD26771FD6F2AF00E436F1 /* AddStockViewController.swift */,
				4D5C69F41FD6FF750045EB68 /* DetailViewController.swift */,
				4DF5D7181FD6EAF800BFE7A6 /* Main.storyboard */,
				4DF5D71B1FD6EAF900BFE7A6 /* Assets.xcassets */,
				4DF5D71D1FD6EAF900BFE7A6 /* LaunchScreen.storyboard */,
				4DF5D7201FD6EAF900BFE7A6 /* Info.plist */,
			);
			path = WhatIf;
			sourceTree = "<group>";
		};
		4DF5D7281FD6EAF900BFE7A6 /* WhatIfTests */ = {
			isa = PBXGroup;
			children = (
				4DF5D7291FD6EAF900BFE7A6 /* WhatIfTests.swift */,
				4DF5D72B1FD6EAF900BFE7A6 /* Info.plist */,
			);
			path = WhatIfTests;
			sourceTree = "<group>";
		};
		4DF5D7331FD6EAF900BFE7A6 /* WhatIfUITests */ = {
			isa = PBXGroup;
			children = (
				4DF5D7341FD6EAF900BFE7A6 /* WhatIfUITests.swift */,
				4DF5D7361FD6EAF900BFE7A6 /* Info.plist */,
			);
			path = WhatIfUITests;
			sourceTree = "<group>";
		};
		8C23D0DEF2183BA5FC745592 /* Frameworks */ = {
			isa = PBXGroup;
			children = (
				DA94D6FB2AC3D61DEBFC8C88 /* Pods_WhatIf.framework */,
			);
			name = Frameworks;
			sourceTree = "<group>";
		};
		D26E8378FE0D3B2E0886F115 /* Pods */ = {
			isa = PBXGroup;
			children = (
				AEEAA1B55FDA1B0B60C2D89F /* Pods-WhatIf.debug.xcconfig */,
				A920FFDD6390A9B0A7D6C530 /* Pods-WhatIf.release.xcconfig */,
			);
			name = Pods;
			sourceTree = "<group>";
		};
/* End PBXGroup section */

/* Begin PBXNativeTarget section */
		4DF5D7101FD6EAF800BFE7A6 /* WhatIf */ = {
			isa = PBXNativeTarget;
			buildConfigurationList = 4DF5D7391FD6EAF900BFE7A6 /* Build configuration list for PBXNativeTarget "WhatIf" */;
			buildPhases = (
				57A2160BDC8E6E59F0288084 /* [CP] Check Pods Manifest.lock */,
				4DF5D70D1FD6EAF800BFE7A6 /* Sources */,
				4DF5D70E1FD6EAF800BFE7A6 /* Frameworks */,
				4DF5D70F1FD6EAF800BFE7A6 /* Resources */,
				916D9E2639E71B8D2F1C0BE0 /* [CP] Embed Pods Frameworks */,
				B675119AEFE75533187E2B02 /* [CP] Copy Pods Resources */,
			);
			buildRules = (
			);
			dependencies = (
			);
			name = WhatIf;
			productName = WhatIf;
			productReference = 4DF5D7111FD6EAF800BFE7A6 /* WhatIf.app */;
			productType = "com.apple.product-type.application";
		};
		4DF5D7241FD6EAF900BFE7A6 /* WhatIfTests */ = {
			isa = PBXNativeTarget;
			buildConfigurationList = 4DF5D73C1FD6EAF900BFE7A6 /* Build configuration list for PBXNativeTarget "WhatIfTests" */;
			buildPhases = (
				4DF5D7211FD6EAF900BFE7A6 /* Sources */,
				4DF5D7221FD6EAF900BFE7A6 /* Frameworks */,
				4DF5D7231FD6EAF900BFE7A6 /* Resources */,
			);
			buildRules = (
			);
			dependencies = (
				4DF5D7271FD6EAF900BFE7A6 /* PBXTargetDependency */,
			);
			name = WhatIfTests;
			productName = WhatIfTests;
			productReference = 4DF5D7251FD6EAF900BFE7A6 /* WhatIfTests.xctest */;
			productType = "com.apple.product-type.bundle.unit-test";
		};
		4DF5D72F1FD6EAF900BFE7A6 /* WhatIfUITests */ = {
			isa = PBXNativeTarget;
			buildConfigurationList = 4DF5D73F1FD6EAF900BFE7A6 /* Build configuration list for PBXNativeTarget "WhatIfUITests" */;
			buildPhases = (
				4DF5D72C1FD6EAF900BFE7A6 /* Sources */,
				4DF5D72D1FD6EAF900BFE7A6 /* Frameworks */,
				4DF5D72E1FD6EAF900BFE7A6 /* Resources */,
			);
			buildRules = (
			);
			dependencies = (
				4DF5D7321FD6EAF900BFE7A6 /* PBXTargetDependency */,
			);
			name = WhatIfUITests;
			productName = WhatIfUITests;
			productReference = 4DF5D7301FD6EAF900BFE7A6 /* WhatIfUITests.xctest */;
			productType = "com.apple.product-type.bundle.ui-testing";
		};
/* End PBXNativeTarget section */

/* Begin PBXProject section */
		4DF5D7091FD6EAF800BFE7A6 /* Project object */ = {
			isa = PBXProject;
			attributes = {
				LastSwiftUpdateCheck = 0910;
				LastUpgradeCheck = 0910;
				ORGANIZATIONNAME = "Kevin Wijendra";
				TargetAttributes = {
					4DF5D7101FD6EAF800BFE7A6 = {
						CreatedOnToolsVersion = 9.1;
						ProvisioningStyle = Automatic;
					};
					4DF5D7241FD6EAF900BFE7A6 = {
						CreatedOnToolsVersion = 9.1;
						ProvisioningStyle = Automatic;
						TestTargetID = 4DF5D7101FD6EAF800BFE7A6;
					};
					4DF5D72F1FD6EAF900BFE7A6 = {
						CreatedOnToolsVersion = 9.1;
						ProvisioningStyle = Automatic;
						TestTargetID = 4DF5D7101FD6EAF800BFE7A6;
					};
				};
			};
			buildConfigurationList = 4DF5D70C1FD6EAF800BFE7A6 /* Build configuration list for PBXProject "WhatIf" */;
			compatibilityVersion = "Xcode 8.0";
			developmentRegion = en;
			hasScannedForEncodings = 0;
			knownRegions = (
				en,
				Base,
			);
			mainGroup = 4DF5D7081FD6EAF800BFE7A6;
			productRefGroup = 4DF5D7121FD6EAF800BFE7A6 /* Products */;
			projectDirPath = "";
			projectRoot = "";
			targets = (
				4DF5D7101FD6EAF800BFE7A6 /* WhatIf */,
				4DF5D7241FD6EAF900BFE7A6 /* WhatIfTests */,
				4DF5D72F1FD6EAF900BFE7A6 /* WhatIfUITests */,
			);
		};
/* End PBXProject section */

/* Begin PBXResourcesBuildPhase section */
		4DF5D70F1FD6EAF800BFE7A6 /* Resources */ = {
			isa = PBXResourcesBuildPhase;
			buildActionMask = 2147483647;
			files = (
				4DF5D71F1FD6EAF900BFE7A6 /* LaunchScreen.storyboard in Resources */,
				4DF5D71C1FD6EAF900BFE7A6 /* Assets.xcassets in Resources */,
				4DF5D71A1FD6EAF800BFE7A6 /* Main.storyboard in Resources */,
			);
			runOnlyForDeploymentPostprocessing = 0;
		};
		4DF5D7231FD6EAF900BFE7A6 /* Resources */ = {
			isa = PBXResourcesBuildPhase;
			buildActionMask = 2147483647;
			files = (
			);
			runOnlyForDeploymentPostprocessing = 0;
		};
		4DF5D72E1FD6EAF900BFE7A6 /* Resources */ = {
			isa = PBXResourcesBuildPhase;
			buildActionMask = 2147483647;
			files = (
			);
			runOnlyForDeploymentPostprocessing = 0;
		};
/* End PBXResourcesBuildPhase section */

/* Begin PBXShellScriptBuildPhase section */
		57A2160BDC8E6E59F0288084 /* [CP] Check Pods Manifest.lock */ = {
			isa = PBXShellScriptBuildPhase;
			buildActionMask = 2147483647;
			files = (
			);
			inputPaths = (
				"${PODS_PODFILE_DIR_PATH}/Podfile.lock",
				"${PODS_ROOT}/Manifest.lock",
			);
			name = "[CP] Check Pods Manifest.lock";
			outputPaths = (
				"$(DERIVED_FILE_DIR)/Pods-WhatIf-checkManifestLockResult.txt",
			);
			runOnlyForDeploymentPostprocessing = 0;
			shellPath = /bin/sh;
			shellScript = "diff \"${PODS_PODFILE_DIR_PATH}/Podfile.lock\" \"${PODS_ROOT}/Manifest.lock\" > /dev/null\nif [ $? != 0 ] ; then\n    # print error to STDERR\n    echo \"error: The sandbox is not in sync with the Podfile.lock. Run 'pod install' or update your CocoaPods installation.\" >&2\n    exit 1\nfi\n# This output is used by Xcode 'outputs' to avoid re-running this script phase.\necho \"SUCCESS\" > \"${SCRIPT_OUTPUT_FILE_0}\"\n";
			showEnvVarsInLog = 0;
		};
		916D9E2639E71B8D2F1C0BE0 /* [CP] Embed Pods Frameworks */ = {
			isa = PBXShellScriptBuildPhase;
			buildActionMask = 2147483647;
			files = (
			);
			inputPaths = (
				"${SRCROOT}/Pods/Target Support Files/Pods-WhatIf/Pods-WhatIf-frameworks.sh",
				"${BUILT_PRODUCTS_DIR}/Alamofire/Alamofire.framework",
				"${BUILT_PRODUCTS_DIR}/SwiftyJSON/SwiftyJSON.framework",
			);
			name = "[CP] Embed Pods Frameworks";
			outputPaths = (
				"${TARGET_BUILD_DIR}/${FRAMEWORKS_FOLDER_PATH}/Alamofire.framework",
				"${TARGET_BUILD_DIR}/${FRAMEWORKS_FOLDER_PATH}/SwiftyJSON.framework",
			);
			runOnlyForDeploymentPostprocessing = 0;
			shellPath = /bin/sh;
			shellScript = "\"${SRCROOT}/Pods/Target Support Files/Pods-WhatIf/Pods-WhatIf-frameworks.sh\"\n";
			showEnvVarsInLog = 0;
		};
		B675119AEFE75533187E2B02 /* [CP] Copy Pods Resources */ = {
			isa = PBXShellScriptBuildPhase;
			buildActionMask = 2147483647;
			files = (
			);
			inputPaths = (
			);
			name = "[CP] Copy Pods Resources";
			outputPaths = (
			);
			runOnlyForDeploymentPostprocessing = 0;
			shellPath = /bin/sh;
			shellScript = "\"${SRCROOT}/Pods/Target Support Files/Pods-WhatIf/Pods-WhatIf-resources.sh\"\n";
			showEnvVarsInLog = 0;
		};
/* End PBXShellScriptBuildPhase section */

/* Begin PBXSourcesBuildPhase section */
		4DF5D70D1FD6EAF800BFE7A6 /* Sources */ = {
			isa = PBXSourcesBuildPhase;
			buildActionMask = 2147483647;
			files = (
				4D5C69F31FD6FE540045EB68 /* StockDetail.swift in Sources */,
				4DF5D7151FD6EAF800BFE7A6 /* AppDelegate.swift in Sources */,
				4DF5D7431FD6EC1800BFE7A6 /* StockListViewController.swift in Sources */,
				4D5C69F51FD6FF750045EB68 /* DetailViewController.swift in Sources */,
				4D5C69F71FD705E30045EB68 /* Constants.swift in Sources */,
				4DAD267A1FD6FB2A00E436F1 /* Stocks.swift in Sources */,
				4DAD26781FD6F2AF00E436F1 /* AddStockViewController.swift in Sources */,
			);
			runOnlyForDeploymentPostprocessing = 0;
		};
		4DF5D7211FD6EAF900BFE7A6 /* Sources */ = {
			isa = PBXSourcesBuildPhase;
			buildActionMask = 2147483647;
			files = (
				4DF5D72A1FD6EAF900BFE7A6 /* WhatIfTests.swift in Sources */,
			);
			runOnlyForDeploymentPostprocessing = 0;
		};
		4DF5D72C1FD6EAF900BFE7A6 /* Sources */ = {
			isa = PBXSourcesBuildPhase;
			buildActionMask = 2147483647;
			files = (
				4DF5D7351FD6EAF900BFE7A6 /* WhatIfUITests.swift in Sources */,
			);
			runOnlyForDeploymentPostprocessing = 0;
		};
/* End PBXSourcesBuildPhase section */

/* Begin PBXTargetDependency section */
		4DF5D7271FD6EAF900BFE7A6 /* PBXTargetDependency */ = {
			isa = PBXTargetDependency;
			target = 4DF5D7101FD6EAF800BFE7A6 /* WhatIf */;
			targetProxy = 4DF5D7261FD6EAF900BFE7A6 /* PBXContainerItemProxy */;
		};
		4DF5D7321FD6EAF900BFE7A6 /* PBXTargetDependency */ = {
			isa = PBXTargetDependency;
			target = 4DF5D7101FD6EAF800BFE7A6 /* WhatIf */;
			targetProxy = 4DF5D7311FD6EAF900BFE7A6 /* PBXContainerItemProxy */;
		};
/* End PBXTargetDependency section */

/* Begin PBXVariantGroup section */
		4DF5D7181FD6EAF800BFE7A6 /* Main.storyboard */ = {
			isa = PBXVariantGroup;
			children = (
				4DF5D7191FD6EAF800BFE7A6 /* Base */,
			);
			name = Main.storyboard;
			sourceTree = "<group>";
		};
		4DF5D71D1FD6EAF900BFE7A6 /* LaunchScreen.storyboard */ = {
			isa = PBXVariantGroup;
			children = (
				4DF5D71E1FD6EAF900BFE7A6 /* Base */,
			);
			name = LaunchScreen.storyboard;
			sourceTree = "<group>";
		};
/* End PBXVariantGroup section */

/* Begin XCBuildConfiguration section */
		4DF5D7371FD6EAF900BFE7A6 /* Debug */ = {
			isa = XCBuildConfiguration;
			buildSettings = {
				ALWAYS_SEARCH_USER_PATHS = NO;
				CLANG_ANALYZER_NONNULL = YES;
				CLANG_ANALYZER_NUMBER_OBJECT_CONVERSION = YES_AGGRESSIVE;
				CLANG_CXX_LANGUAGE_STANDARD = "gnu++14";
				CLANG_CXX_LIBRARY = "libc++";
				CLANG_ENABLE_MODULES = YES;
				CLANG_ENABLE_OBJC_ARC = YES;
				CLANG_WARN_BLOCK_CAPTURE_AUTORELEASING = YES;
				CLANG_WARN_BOOL_CONVERSION = YES;
				CLANG_WARN_COMMA = YES;
				CLANG_WARN_CONSTANT_CONVERSION = YES;
				CLANG_WARN_DIRECT_OBJC_ISA_USAGE = YES_ERROR;
				CLANG_WARN_DOCUMENTATION_COMMENTS = YES;
				CLANG_WARN_EMPTY_BODY = YES;
				CLANG_WARN_ENUM_CONVERSION = YES;
				CLANG_WARN_INFINITE_RECURSION = YES;
				CLANG_WARN_INT_CONVERSION = YES;
				CLANG_WARN_NON_LITERAL_NULL_CONVERSION = YES;
				CLANG_WARN_OBJC_LITERAL_CONVERSION = YES;
				CLANG_WARN_OBJC_ROOT_CLASS = YES_ERROR;
				CLANG_WARN_RANGE_LOOP_ANALYSIS = YES;
				CLANG_WARN_STRICT_PROTOTYPES = YES;
				CLANG_WARN_SUSPICIOUS_MOVE = YES;
				CLANG_WARN_UNGUARDED_AVAILABILITY = YES_AGGRESSIVE;
				CLANG_WARN_UNREACHABLE_CODE = YES;
				CLANG_WARN__DUPLICATE_METHOD_MATCH = YES;
				CODE_SIGN_IDENTITY = "iPhone Developer";
				COPY_PHASE_STRIP = NO;
				DEBUG_INFORMATION_FORMAT = dwarf;
				ENABLE_STRICT_OBJC_MSGSEND = YES;
				ENABLE_TESTABILITY = YES;
				GCC_C_LANGUAGE_STANDARD = gnu11;
				GCC_DYNAMIC_NO_PIC = NO;
				GCC_NO_COMMON_BLOCKS = YES;
				GCC_OPTIMIZATION_LEVEL = 0;
				GCC_PREPROCESSOR_DEFINITIONS = (
					"DEBUG=1",
					"$(inherited)",
				);
				GCC_WARN_64_TO_32_BIT_CONVERSION = YES;
				GCC_WARN_ABOUT_RETURN_TYPE = YES_ERROR;
				GCC_WARN_UNDECLARED_SELECTOR = YES;
				GCC_WARN_UNINITIALIZED_AUTOS = YES_AGGRESSIVE;
				GCC_WARN_UNUSED_FUNCTION = YES;
				GCC_WARN_UNUSED_VARIABLE = YES;
				IPHONEOS_DEPLOYMENT_TARGET = 11.1;
				MTL_ENABLE_DEBUG_INFO = YES;
				ONLY_ACTIVE_ARCH = YES;
				SDKROOT = iphoneos;
				SWIFT_ACTIVE_COMPILATION_CONDITIONS = DEBUG;
				SWIFT_OPTIMIZATION_LEVEL = "-Onone";
			};
			name = Debug;
		};
		4DF5D7381FD6EAF900BFE7A6 /* Release */ = {
			isa = XCBuildConfiguration;
			buildSettings = {
				ALWAYS_SEARCH_USER_PATHS = NO;
				CLANG_ANALYZER_NONNULL = YES;
				CLANG_ANALYZER_NUMBER_OBJECT_CONVERSION = YES_AGGRESSIVE;
				CLANG_CXX_LANGUAGE_STANDARD = "gnu++14";
				CLANG_CXX_LIBRARY = "libc++";
				CLANG_ENABLE_MODULES = YES;
				CLANG_ENABLE_OBJC_ARC = YES;
				CLANG_WARN_BLOCK_CAPTURE_AUTORELEASING = YES;
				CLANG_WARN_BOOL_CONVERSION = YES;
				CLANG_WARN_COMMA = YES;
				CLANG_WARN_CONSTANT_CONVERSION = YES;
				CLANG_WARN_DIRECT_OBJC_ISA_USAGE = YES_ERROR;
				CLANG_WARN_DOCUMENTATION_COMMENTS = YES;
				CLANG_WARN_EMPTY_BODY = YES;
				CLANG_WARN_ENUM_CONVERSION = YES;
				CLANG_WARN_INFINITE_RECURSION = YES;
				CLANG_WARN_INT_CONVERSION = YES;
				CLANG_WARN_NON_LITERAL_NULL_CONVERSION = YES;
				CLANG_WARN_OBJC_LITERAL_CONVERSION = YES;
				CLANG_WARN_OBJC_ROOT_CLASS = YES_ERROR;
				CLANG_WARN_RANGE_LOOP_ANALYSIS = YES;
				CLANG_WARN_STRICT_PROTOTYPES = YES;
				CLANG_WARN_SUSPICIOUS_MOVE = YES;
				CLANG_WARN_UNGUARDED_AVAILABILITY = YES_AGGRESSIVE;
				CLANG_WARN_UNREACHABLE_CODE = YES;
				CLANG_WARN__DUPLICATE_METHOD_MATCH = YES;
				CODE_SIGN_IDENTITY = "iPhone Developer";
				COPY_PHASE_STRIP = NO;
				DEBUG_INFORMATION_FORMAT = "dwarf-with-dsym";
				ENABLE_NS_ASSERTIONS = NO;
				ENABLE_STRICT_OBJC_MSGSEND = YES;
				GCC_C_LANGUAGE_STANDARD = gnu11;
				GCC_NO_COMMON_BLOCKS = YES;
				GCC_WARN_64_TO_32_BIT_CONVERSION = YES;
				GCC_WARN_ABOUT_RETURN_TYPE = YES_ERROR;
				GCC_WARN_UNDECLARED_SELECTOR = YES;
				GCC_WARN_UNINITIALIZED_AUTOS = YES_AGGRESSIVE;
				GCC_WARN_UNUSED_FUNCTION = YES;
				GCC_WARN_UNUSED_VARIABLE = YES;
				IPHONEOS_DEPLOYMENT_TARGET = 11.1;
				MTL_ENABLE_DEBUG_INFO = NO;
				SDKROOT = iphoneos;
				SWIFT_OPTIMIZATION_LEVEL = "-Owholemodule";
				VALIDATE_PRODUCT = YES;
			};
			name = Release;
		};
		4DF5D73A1FD6EAF900BFE7A6 /* Debug */ = {
			isa = XCBuildConfiguration;
			baseConfigurationReference = AEEAA1B55FDA1B0B60C2D89F /* Pods-WhatIf.debug.xcconfig */;
			buildSettings = {
				ASSETCATALOG_COMPILER_APPICON_NAME = AppIcon;
				CODE_SIGN_STYLE = Automatic;
				DEVELOPMENT_TEAM = 5XF24FGW2Z;
				INFOPLIST_FILE = WhatIf/Info.plist;
				LD_RUNPATH_SEARCH_PATHS = "$(inherited) @executable_path/Frameworks";
				PRODUCT_BUNDLE_IDENTIFIER = com.kevinwijendra.WhatIf;
				PRODUCT_NAME = "$(TARGET_NAME)";
				SWIFT_VERSION = 4.0;
				TARGETED_DEVICE_FAMILY = "1,2";
			};
			name = Debug;
		};
		4DF5D73B1FD6EAF900BFE7A6 /* Release */ = {
			isa = XCBuildConfiguration;
			baseConfigurationReference = A920FFDD6390A9B0A7D6C530 /* Pods-WhatIf.release.xcconfig */;
			buildSettings = {
				ASSETCATALOG_COMPILER_APPICON_NAME = AppIcon;
				CODE_SIGN_STYLE = Automatic;
				DEVELOPMENT_TEAM = 5XF24FGW2Z;
				INFOPLIST_FILE = WhatIf/Info.plist;
				LD_RUNPATH_SEARCH_PATHS = "$(inherited) @executable_path/Frameworks";
				PRODUCT_BUNDLE_IDENTIFIER = com.kevinwijendra.WhatIf;
				PRODUCT_NAME = "$(TARGET_NAME)";
				SWIFT_VERSION = 4.0;
				TARGETED_DEVICE_FAMILY = "1,2";
			};
			name = Release;
		};
		4DF5D73D1FD6EAF900BFE7A6 /* Debug */ = {
			isa = XCBuildConfiguration;
			buildSettings = {
				ALWAYS_EMBED_SWIFT_STANDARD_LIBRARIES = YES;
				BUNDLE_LOADER = "$(TEST_HOST)";
				CODE_SIGN_STYLE = Automatic;
				DEVELOPMENT_TEAM = 5XF24FGW2Z;
				INFOPLIST_FILE = WhatIfTests/Info.plist;
				LD_RUNPATH_SEARCH_PATHS = "$(inherited) @executable_path/Frameworks @loader_path/Frameworks";
				PRODUCT_BUNDLE_IDENTIFIER = com.kevinwijendra.WhatIfTests;
				PRODUCT_NAME = "$(TARGET_NAME)";
				SWIFT_VERSION = 4.0;
				TARGETED_DEVICE_FAMILY = "1,2";
				TEST_HOST = "$(BUILT_PRODUCTS_DIR)/WhatIf.app/WhatIf";
			};
			name = Debug;
		};
		4DF5D73E1FD6EAF900BFE7A6 /* Release */ = {
			isa = XCBuildConfiguration;
			buildSettings = {
				ALWAYS_EMBED_SWIFT_STANDARD_LIBRARIES = YES;
				BUNDLE_LOADER = "$(TEST_HOST)";
				CODE_SIGN_STYLE = Automatic;
				DEVELOPMENT_TEAM = 5XF24FGW2Z;
				INFOPLIST_FILE = WhatIfTests/Info.plist;
				LD_RUNPATH_SEARCH_PATHS = "$(inherited) @executable_path/Frameworks @loader_path/Frameworks";
				PRODUCT_BUNDLE_IDENTIFIER = com.kevinwijendra.WhatIfTests;
				PRODUCT_NAME = "$(TARGET_NAME)";
				SWIFT_VERSION = 4.0;
				TARGETED_DEVICE_FAMILY = "1,2";
				TEST_HOST = "$(BUILT_PRODUCTS_DIR)/WhatIf.app/WhatIf";
			};
			name = Release;
		};
		4DF5D7401FD6EAF900BFE7A6 /* Debug */ = {
			isa = XCBuildConfiguration;
			buildSettings = {
				ALWAYS_EMBED_SWIFT_STANDARD_LIBRARIES = YES;
				CODE_SIGN_STYLE = Automatic;
				DEVELOPMENT_TEAM = 5XF24FGW2Z;
				INFOPLIST_FILE = WhatIfUITests/Info.plist;
				LD_RUNPATH_SEARCH_PATHS = "$(inherited) @executable_path/Frameworks @loader_path/Frameworks";
				PRODUCT_BUNDLE_IDENTIFIER = com.kevinwijendra.WhatIfUITests;
				PRODUCT_NAME = "$(TARGET_NAME)";
				SWIFT_VERSION = 4.0;
				TARGETED_DEVICE_FAMILY = "1,2";
				TEST_TARGET_NAME = WhatIf;
			};
			name = Debug;
		};
		4DF5D7411FD6EAF900BFE7A6 /* Release */ = {
			isa = XCBuildConfiguration;
			buildSettings = {
				ALWAYS_EMBED_SWIFT_STANDARD_LIBRARIES = YES;
				CODE_SIGN_STYLE = Automatic;
				DEVELOPMENT_TEAM = 5XF24FGW2Z;
				INFOPLIST_FILE = WhatIfUITests/Info.plist;
				LD_RUNPATH_SEARCH_PATHS = "$(inherited) @executable_path/Frameworks @loader_path/Frameworks";
				PRODUCT_BUNDLE_IDENTIFIER = com.kevinwijendra.WhatIfUITests;
				PRODUCT_NAME = "$(TARGET_NAME)";
				SWIFT_VERSION = 4.0;
				TARGETED_DEVICE_FAMILY = "1,2";
				TEST_TARGET_NAME = WhatIf;
			};
			name = Release;
		};
/* End XCBuildConfiguration section */

/* Begin XCConfigurationList section */
		4DF5D70C1FD6EAF800BFE7A6 /* Build configuration list for PBXProject "WhatIf" */ = {
			isa = XCConfigurationList;
			buildConfigurations = (
				4DF5D7371FD6EAF900BFE7A6 /* Debug */,
				4DF5D7381FD6EAF900BFE7A6 /* Release */,
			);
			defaultConfigurationIsVisible = 0;
			defaultConfigurationName = Release;
		};
		4DF5D7391FD6EAF900BFE7A6 /* Build configuration list for PBXNativeTarget "WhatIf" */ = {
			isa = XCConfigurationList;
			buildConfigurations = (
				4DF5D73A1FD6EAF900BFE7A6 /* Debug */,
				4DF5D73B1FD6EAF900BFE7A6 /* Release */,
			);
			defaultConfigurationIsVisible = 0;
			defaultConfigurationName = Release;
		};
		4DF5D73C1FD6EAF900BFE7A6 /* Build configuration list for PBXNativeTarget "WhatIfTests" */ = {
			isa = XCConfigurationList;
			buildConfigurations = (
				4DF5D73D1FD6EAF900BFE7A6 /* Debug */,
				4DF5D73E1FD6EAF900BFE7A6 /* Release */,
			);
			defaultConfigurationIsVisible = 0;
			defaultConfigurationName = Release;
		};
		4DF5D73F1FD6EAF900BFE7A6 /* Build configuration list for PBXNativeTarget "WhatIfUITests" */ = {
			isa = XCConfigurationList;
			buildConfigurations = (
				4DF5D7401FD6EAF900BFE7A6 /* Debug */,
				4DF5D7411FD6EAF900BFE7A6 /* Release */,
			);
			defaultConfigurationIsVisible = 0;
			defaultConfigurationName = Release;
		};
/* End XCConfigurationList section */
	};
	rootObject = 4DF5D7091FD6EAF800BFE7A6 /* Project object */;
}
